// !$*UTF8*$!
{
	archiveVersion = 1;
	classes = {
	};
	objectVersion = 46;
	objects = {

/* Begin PBXBuildFile section */
		42C533F11A93AA7D0015E296 /* prog5.cc in Sources */ = {isa = PBXBuildFile; fileRef = 42C533F01A93AA7D0015E296 /* prog5.cc */; };
/* End PBXBuildFile section */

/* Begin PBXCopyFilesBuildPhase section */
		42C533EB1A93AA7D0015E296 /* CopyFiles */ = {
			isa = PBXCopyFilesBuildPhase;
			buildActionMask = 2147483647;
			dstPath = /usr/share/man/man1/;
			dstSubfolderSpec = 0;
			files = (
			);
			runOnlyForDeploymentPostprocessing = 1;
		};
/* End PBXCopyFilesBuildPhase section */

/* Begin PBXFileReference section */
		422AC6081A96D36000243CA1 /* prog5.txt */ = {isa = PBXFileReference; fileEncoding = 4; lastKnownFileType = text; path = prog5.txt; sourceTree = "<group>"; };
		42C533ED1A93AA7D0015E296 /* Program5 */ = {isa = PBXFileReference; explicitFileType = "compiled.mach-o.executable"; includeInIndex = 0; path = Program5; sourceTree = BUILT_PRODUCTS_DIR; };
		42C533F01A93AA7D0015E296 /* prog5.cc */ = {isa = PBXFileReference; lastKnownFileType = sourcecode.cpp.cpp; path = prog5.cc; sourceTree = "<group>"; };
/* End PBXFileReference section */

/* Begin PBXFrameworksBuildPhase section */
		42C533EA1A93AA7D0015E296 /* Frameworks */ = {
			isa = PBXFrameworksBuildPhase;
			buildActionMask = 2147483647;
			files = (
			);
			runOnlyForDeploymentPostprocessing = 0;
		};
/* End PBXFrameworksBuildPhase section */

/* Begin PBXGroup section */
		42C533E41A93AA7D0015E296 = {
			isa = PBXGroup;
			children = (
				42C533EF1A93AA7D0015E296 /* Program5 */,
				42C533EE1A93AA7D0015E296 /* Products */,
				422AC6081A96D36000243CA1 /* prog5.txt */,
			);
			sourceTree = "<group>";
		};
		42C533EE1A93AA7D0015E296 /* Products */ = {
			isa = PBXGroup;
			children = (
				42C533ED1A93AA7D0015E296 /* Program5 */,
			);
			name = Products;
			sourceTree = "<group>";
		};
		42C533EF1A93AA7D0015E296 /* Program5 */ = {
			isa = PBXGroup;
			children = (
				42C533F01A93AA7D0015E296 /* prog5.cc */,
			);
			path = Program5;
			sourceTree = "<group>";
		};
/* End PBXGroup section */

/* Begin PBXNativeTarget section */
		42C533EC1A93AA7D0015E296 /* Program5 */ = {
			isa = PBXNativeTarget;
			buildConfigurationList = 42C533F41A93AA7D0015E296 /* Build configuration list for PBXNativeTarget "Program5" */;
			buildPhases = (
				42C533E91A93AA7D0015E296 /* Sources */,
				42C533EA1A93AA7D0015E296 /* Frameworks */,
				42C533EB1A93AA7D0015E296 /* CopyFiles */,
			);
			buildRules = (
			);
			dependencies = (
			);
			name = Program5;
			productName = Program5;
			productReference = 42C533ED1A93AA7D0015E296 /* Program5 */;
			productType = "com.apple.product-type.tool";
		};
/* End PBXNativeTarget section */

/* Begin PBXProject section */
		42C533E51A93AA7D0015E296 /* Project object */ = {
			isa = PBXProject;
			attributes = {
				LastUpgradeCheck = 0610;
				ORGANIZATIONNAME = "___AbeRodriguez___";
				TargetAttributes = {
					42C533EC1A93AA7D0015E296 = {
						CreatedOnToolsVersion = 6.1.1;
					};
				};
			};
			buildConfigurationList = 42C533E81A93AA7D0015E296 /* Build configuration list for PBXProject "Program5" */;
			compatibilityVersion = "Xcode 3.2";
			developmentRegion = English;
			hasScannedForEncodings = 0;
			knownRegions = (
				en,
			);
			mainGroup = 42C533E41A93AA7D0015E296;
			productRefGroup = 42C533EE1A93AA7D0015E296 /* Products */;
			projectDirPath = "";
			projectRoot = "";
			targets = (
				42C533EC1A93AA7D0015E296 /* Program5 */,
			);
		};
/* End PBXProject section */

/* Begin PBXSourcesBuildPhase section */
		42C533E91A93AA7D0015E296 /* Sources */ = {
			isa = PBXSourcesBuildPhase;
			buildActionMask = 2147483647;
			files = (
				42C533F11A93AA7D0015E296 /* prog5.cc in Sources */,
			);
			runOnlyForDeploymentPostprocessing = 0;
		};
/* End PBXSourcesBuildPhase section */

/* Begin XCBuildConfiguration section */
		42C533F21A93AA7D0015E296 /* Debug */ = {
			isa = XCBuildConfiguration;
			buildSettings = {
				ALWAYS_SEARCH_USER_PATHS = NO;
				CLANG_CXX_LANGUAGE_STANDARD = "gnu++0x";
				CLANG_CXX_LIBRARY = "libc++";
				CLANG_ENABLE_MODULES = YES;
				CLANG_ENABLE_OBJC_ARC = YES;
				CLANG_WARN_BOOL_CONVERSION = YES;
				CLANG_WARN_CONSTANT_CONVERSION = YES;
				CLANG_WARN_DIRECT_OBJC_ISA_USAGE = YES_ERROR;
				CLANG_WARN_EMPTY_BODY = YES;
				CLANG_WARN_ENUM_CONVERSION = YES;
				CLANG_WARN_INT_CONVERSION = YES;
				CLANG_WARN_OBJC_ROOT_CLASS = YES_ERROR;
				CLANG_WARN_UNREACHABLE_CODE = YES;
				CLANG_WARN__DUPLICATE_METHOD_MATCH = YES;
				COPY_PHASE_STRIP = NO;
				ENABLE_STRICT_OBJC_MSGSEND = YES;
				GCC_C_LANGUAGE_STANDARD = gnu99;
				GCC_DYNAMIC_NO_PIC = NO;
				GCC_OPTIMIZATION_LEVEL = 0;
				GCC_PREPROCESSOR_DEFINITIONS = (
					"DEBUG=1",
					"$(inherited)",
				);
				GCC_SYMBOLS_PRIVATE_EXTERN = NO;
				GCC_WARN_64_TO_32_BIT_CONVERSION = YES;
				GCC_WARN_ABOUT_RETURN_TYPE = YES_ERROR;
				GCC_WARN_UNDECLARED_SELECTOR = YES;
				GCC_WARN_UNINITIALIZED_AUTOS = YES_AGGRESSIVE;
				GCC_WARN_UNUSED_FUNCTION = YES;
				GCC_WARN_UNUSED_VARIABLE = YES;
				MACOSX_DEPLOYMENT_TARGET = 10.10;
				MTL_ENABLE_DEBUG_INFO = YES;
				ONLY_ACTIVE_ARCH = YES;
				SDKROOT = macosx;
			};
			name = Debug;
		};
		42C533F31A93AA7D0015E296 /* Release */ = {
			isa = XCBuildConfiguration;
			buildSettings = {
				ALWAYS_SEARCH_USER_PATHS = NO;
				CLANG_CXX_LANGUAGE_STANDARD = "gnu++0x";
				CLANG_CXX_LIBRARY = "libc++";
				CLANG_ENABLE_MODULES = YES;
				CLANG_ENABLE_OBJC_ARC = YES;
				CLANG_WARN_BOOL_CONVERSION = YES;
				CLANG_WARN_CONSTANT_CONVERSION = YES;
				CLANG_WARN_DIRECT_OBJC_ISA_USAGE = YES_ERROR;
				CLANG_WARN_EMPTY_BODY = YES;
				CLANG_WARN_ENUM_CONVERSION = YES;
				CLANG_WARN_INT_CONVERSION = YES;
				CLANG_WARN_OBJC_ROOT_CLASS = YES_ERROR;
				CLANG_WARN_UNREACHABLE_CODE = YES;
				CLANG_WARN__DUPLICATE_METHOD_MATCH = YES;
				COPY_PHASE_STRIP = YES;
				DEBUG_INFORMATION_FORMAT = "dwarf-with-dsym";
				ENABLE_NS_ASSERTIONS = NO;
				ENABLE_STRICT_OBJC_MSGSEND = YES;
				GCC_C_LANGUAGE_STANDARD = gnu99;
				GCC_WARN_64_TO_32_BIT_CONVERSION = YES;
				GCC_WARN_ABOUT_RETURN_TYPE = YES_ERROR;
				GCC_WARN_UNDECLARED_SELECTOR = YES;
				GCC_WARN_UNINITIALIZED_AUTOS = YES_AGGRESSIVE;
				GCC_WARN_UNUSED_FUNCTION = YES;
				GCC_WARN_UNUSED_VARIABLE = YES;
				MACOSX_DEPLOYMENT_TARGET = 10.10;
				MTL_ENABLE_DEBUG_INFO = NO;
				SDKROOT = macosx;
			};
			name = Release;
		};
		42C533F51A93AA7D0015E296 /* Debug */ = {
			isa = XCBuildConfiguration;
			buildSettings = {
				PRODUCT_NAME = "$(TARGET_NAME)";
			};
			name = Debug;
		};
		42C533F61A93AA7D0015E296 /* Release */ = {
			isa = XCBuildConfiguration;
			buildSettings = {
				PRODUCT_NAME = "$(TARGET_NAME)";
			};
			name = Release;
		};
/* End XCBuildConfiguration section */

/* Begin XCConfigurationList section */
		42C533E81A93AA7D0015E296 /* Build configuration list for PBXProject "Program5" */ = {
			isa = XCConfigurationList;
			buildConfigurations = (
				42C533F21A93AA7D0015E296 /* Debug */,
				42C533F31A93AA7D0015E296 /* Release */,
			);
			defaultConfigurationIsVisible = 0;
			defaultConfigurationName = Release;
		};
		42C533F41A93AA7D0015E296 /* Build configuration list for PBXNativeTarget "Program5" */ = {
			isa = XCConfigurationList;
			buildConfigurations = (
				42C533F51A93AA7D0015E296 /* Debug */,
				42C533F61A93AA7D0015E296 /* Release */,
			);
			defaultConfigurationIsVisible = 0;
			defaultConfigurationName = Release;
		};
/* End XCConfigurationList section */
	};
	rootObject = 42C533E51A93AA7D0015E296 /* Project object */;
}
