// !$*UTF8*$!
{
	archiveVersion = 1;
	classes = {
	};
	objectVersion = 46;
	objects = {

/* Begin PBXBuildFile section */
		420369751AB9095A00CF8C03 /* prog7.cc in Sources */ = {isa = PBXBuildFile; fileRef = 420369741AB9095A00CF8C03 /* prog7.cc */; };
/* End PBXBuildFile section */

/* Begin PBXCopyFilesBuildPhase section */
		4203696F1AB9095A00CF8C03 /* CopyFiles */ = {
			isa = PBXCopyFilesBuildPhase;
			buildActionMask = 2147483647;
			dstPath = /usr/share/man/man1/;
			dstSubfolderSpec = 0;
			files = (
			);
			runOnlyForDeploymentPostprocessing = 1;
		};
/* End PBXCopyFilesBuildPhase section */

/* Begin PBXFileReference section */
		420369711AB9095A00CF8C03 /* Program7 */ = {isa = PBXFileReference; explicitFileType = "compiled.mach-o.executable"; includeInIndex = 0; path = Program7; sourceTree = BUILT_PRODUCTS_DIR; };
		420369741AB9095A00CF8C03 /* prog7.cc */ = {isa = PBXFileReference; lastKnownFileType = sourcecode.cpp.cpp; path = prog7.cc; sourceTree = "<group>"; };
		4203697B1AB90A9400CF8C03 /* binSTree.h */ = {isa = PBXFileReference; lastKnownFileType = sourcecode.c.h; path = binSTree.h; sourceTree = "<group>"; };
		4203697C1ABBA76D00CF8C03 /* binTree.h */ = {isa = PBXFileReference; lastKnownFileType = sourcecode.c.h; path = binTree.h; sourceTree = "<group>"; xcLanguageSpecificationIdentifier = xcode.lang.cpp; };
		4203697D1ABBA8A000CF8C03 /* Node.h */ = {isa = PBXFileReference; lastKnownFileType = sourcecode.c.h; path = Node.h; sourceTree = "<group>"; };
/* End PBXFileReference section */

/* Begin PBXFrameworksBuildPhase section */
		4203696E1AB9095A00CF8C03 /* Frameworks */ = {
			isa = PBXFrameworksBuildPhase;
			buildActionMask = 2147483647;
			files = (
			);
			runOnlyForDeploymentPostprocessing = 0;
		};
/* End PBXFrameworksBuildPhase section */

/* Begin PBXGroup section */
		420369681AB9095A00CF8C03 = {
			isa = PBXGroup;
			children = (
				420369731AB9095A00CF8C03 /* Program7 */,
				420369721AB9095A00CF8C03 /* Products */,
			);
			sourceTree = "<group>";
		};
		420369721AB9095A00CF8C03 /* Products */ = {
			isa = PBXGroup;
			children = (
				420369711AB9095A00CF8C03 /* Program7 */,
			);
			name = Products;
			sourceTree = "<group>";
		};
		420369731AB9095A00CF8C03 /* Program7 */ = {
			isa = PBXGroup;
			children = (
				420369741AB9095A00CF8C03 /* prog7.cc */,
				4203697D1ABBA8A000CF8C03 /* Node.h */,
				4203697C1ABBA76D00CF8C03 /* binTree.h */,
				4203697B1AB90A9400CF8C03 /* binSTree.h */,
			);
			path = Program7;
			sourceTree = "<group>";
		};
/* End PBXGroup section */

/* Begin PBXNativeTarget section */
		420369701AB9095A00CF8C03 /* Program7 */ = {
			isa = PBXNativeTarget;
			buildConfigurationList = 420369781AB9095A00CF8C03 /* Build configuration list for PBXNativeTarget "Program7" */;
			buildPhases = (
				4203696D1AB9095A00CF8C03 /* Sources */,
				4203696E1AB9095A00CF8C03 /* Frameworks */,
				4203696F1AB9095A00CF8C03 /* CopyFiles */,
			);
			buildRules = (
			);
			dependencies = (
			);
			name = Program7;
			productName = Program7;
			productReference = 420369711AB9095A00CF8C03 /* Program7 */;
			productType = "com.apple.product-type.tool";
		};
/* End PBXNativeTarget section */

/* Begin PBXProject section */
		420369691AB9095A00CF8C03 /* Project object */ = {
			isa = PBXProject;
			attributes = {
				LastUpgradeCheck = 0610;
				ORGANIZATIONNAME = "___AbeRodriguez___";
				TargetAttributes = {
					420369701AB9095A00CF8C03 = {
						CreatedOnToolsVersion = 6.1.1;
					};
				};
			};
			buildConfigurationList = 4203696C1AB9095A00CF8C03 /* Build configuration list for PBXProject "Program7" */;
			compatibilityVersion = "Xcode 3.2";
			developmentRegion = English;
			hasScannedForEncodings = 0;
			knownRegions = (
				en,
			);
			mainGroup = 420369681AB9095A00CF8C03;
			productRefGroup = 420369721AB9095A00CF8C03 /* Products */;
			projectDirPath = "";
			projectRoot = "";
			targets = (
				420369701AB9095A00CF8C03 /* Program7 */,
			);
		};
/* End PBXProject section */

/* Begin PBXSourcesBuildPhase section */
		4203696D1AB9095A00CF8C03 /* Sources */ = {
			isa = PBXSourcesBuildPhase;
			buildActionMask = 2147483647;
			files = (
				420369751AB9095A00CF8C03 /* prog7.cc in Sources */,
			);
			runOnlyForDeploymentPostprocessing = 0;
		};
/* End PBXSourcesBuildPhase section */

/* Begin XCBuildConfiguration section */
		420369761AB9095A00CF8C03 /* Debug */ = {
			isa = XCBuildConfiguration;
			buildSettings = {
				ALWAYS_SEARCH_USER_PATHS = NO;
				CLANG_CXX_LANGUAGE_STANDARD = "gnu++0x";
				CLANG_CXX_LIBRARY = "libc++";
				CLANG_ENABLE_MODULES = YES;
				CLANG_ENABLE_OBJC_ARC = YES;
				CLANG_WARN_BOOL_CONVERSION = YES;
				CLANG_WARN_CONSTANT_CONVERSION = YES;
				CLANG_WARN_DIRECT_OBJC_ISA_USAGE = YES_ERROR;
				CLANG_WARN_EMPTY_BODY = YES;
				CLANG_WARN_ENUM_CONVERSION = YES;
				CLANG_WARN_INT_CONVERSION = YES;
				CLANG_WARN_OBJC_ROOT_CLASS = YES_ERROR;
				CLANG_WARN_UNREACHABLE_CODE = YES;
				CLANG_WARN__DUPLICATE_METHOD_MATCH = YES;
				COPY_PHASE_STRIP = NO;
				ENABLE_STRICT_OBJC_MSGSEND = YES;
				GCC_C_LANGUAGE_STANDARD = gnu99;
				GCC_DYNAMIC_NO_PIC = NO;
				GCC_OPTIMIZATION_LEVEL = 0;
				GCC_PREPROCESSOR_DEFINITIONS = (
					"DEBUG=1",
					"$(inherited)",
				);
				GCC_SYMBOLS_PRIVATE_EXTERN = NO;
				GCC_WARN_64_TO_32_BIT_CONVERSION = YES;
				GCC_WARN_ABOUT_RETURN_TYPE = YES_ERROR;
				GCC_WARN_UNDECLARED_SELECTOR = YES;
				GCC_WARN_UNINITIALIZED_AUTOS = YES_AGGRESSIVE;
				GCC_WARN_UNUSED_FUNCTION = YES;
				GCC_WARN_UNUSED_VARIABLE = YES;
				MACOSX_DEPLOYMENT_TARGET = 10.10;
				MTL_ENABLE_DEBUG_INFO = YES;
				ONLY_ACTIVE_ARCH = YES;
				SDKROOT = macosx;
			};
			name = Debug;
		};
		420369771AB9095A00CF8C03 /* Release */ = {
			isa = XCBuildConfiguration;
			buildSettings = {
				ALWAYS_SEARCH_USER_PATHS = NO;
				CLANG_CXX_LANGUAGE_STANDARD = "gnu++0x";
				CLANG_CXX_LIBRARY = "libc++";
				CLANG_ENABLE_MODULES = YES;
				CLANG_ENABLE_OBJC_ARC = YES;
				CLANG_WARN_BOOL_CONVERSION = YES;
				CLANG_WARN_CONSTANT_CONVERSION = YES;
				CLANG_WARN_DIRECT_OBJC_ISA_USAGE = YES_ERROR;
				CLANG_WARN_EMPTY_BODY = YES;
				CLANG_WARN_ENUM_CONVERSION = YES;
				CLANG_WARN_INT_CONVERSION = YES;
				CLANG_WARN_OBJC_ROOT_CLASS = YES_ERROR;
				CLANG_WARN_UNREACHABLE_CODE = YES;
				CLANG_WARN__DUPLICATE_METHOD_MATCH = YES;
				COPY_PHASE_STRIP = YES;
				DEBUG_INFORMATION_FORMAT = "dwarf-with-dsym";
				ENABLE_NS_ASSERTIONS = NO;
				ENABLE_STRICT_OBJC_MSGSEND = YES;
				GCC_C_LANGUAGE_STANDARD = gnu99;
				GCC_WARN_64_TO_32_BIT_CONVERSION = YES;
				GCC_WARN_ABOUT_RETURN_TYPE = YES_ERROR;
				GCC_WARN_UNDECLARED_SELECTOR = YES;
				GCC_WARN_UNINITIALIZED_AUTOS = YES_AGGRESSIVE;
				GCC_WARN_UNUSED_FUNCTION = YES;
				GCC_WARN_UNUSED_VARIABLE = YES;
				MACOSX_DEPLOYMENT_TARGET = 10.10;
				MTL_ENABLE_DEBUG_INFO = NO;
				SDKROOT = macosx;
			};
			name = Release;
		};
		420369791AB9095A00CF8C03 /* Debug */ = {
			isa = XCBuildConfiguration;
			buildSettings = {
				PRODUCT_NAME = "$(TARGET_NAME)";
			};
			name = Debug;
		};
		4203697A1AB9095A00CF8C03 /* Release */ = {
			isa = XCBuildConfiguration;
			buildSettings = {
				PRODUCT_NAME = "$(TARGET_NAME)";
			};
			name = Release;
		};
/* End XCBuildConfiguration section */

/* Begin XCConfigurationList section */
		4203696C1AB9095A00CF8C03 /* Build configuration list for PBXProject "Program7" */ = {
			isa = XCConfigurationList;
			buildConfigurations = (
				420369761AB9095A00CF8C03 /* Debug */,
				420369771AB9095A00CF8C03 /* Release */,
			);
			defaultConfigurationIsVisible = 0;
			defaultConfigurationName = Release;
		};
		420369781AB9095A00CF8C03 /* Build configuration list for PBXNativeTarget "Program7" */ = {
			isa = XCConfigurationList;
			buildConfigurations = (
				420369791AB9095A00CF8C03 /* Debug */,
				4203697A1AB9095A00CF8C03 /* Release */,
			);
			defaultConfigurationIsVisible = 0;
			defaultConfigurationName = Release;
		};
/* End XCConfigurationList section */
	};
	rootObject = 420369691AB9095A00CF8C03 /* Project object */;
}
