// !$*UTF8*$!
{
	archiveVersion = 1;
	classes = {
	};
	objectVersion = 46;
	objects = {

/* Begin PBXBuildFile section */
		4288D8DA1AC39E7C003DB917 /* prog8.cc in Sources */ = {isa = PBXBuildFile; fileRef = 4288D8D91AC39E7C003DB917 /* prog8.cc */; };
/* End PBXBuildFile section */

/* Begin PBXCopyFilesBuildPhase section */
		4288D8D41AC39E7C003DB917 /* CopyFiles */ = {
			isa = PBXCopyFilesBuildPhase;
			buildActionMask = 2147483647;
			dstPath = /usr/share/man/man1/;
			dstSubfolderSpec = 0;
			files = (
			);
			runOnlyForDeploymentPostprocessing = 1;
		};
/* End PBXCopyFilesBuildPhase section */

/* Begin PBXFileReference section */
		4288D8D61AC39E7C003DB917 /* Program8 */ = {isa = PBXFileReference; explicitFileType = "compiled.mach-o.executable"; includeInIndex = 0; path = Program8; sourceTree = BUILT_PRODUCTS_DIR; };
		4288D8D91AC39E7C003DB917 /* prog8.cc */ = {isa = PBXFileReference; lastKnownFileType = sourcecode.cpp.cpp; path = prog8.cc; sourceTree = "<group>"; };
		4288D8E01AC39EFC003DB917 /* prog8.h */ = {isa = PBXFileReference; lastKnownFileType = sourcecode.c.h; path = prog8.h; sourceTree = "<group>"; };
		4288D8E61AC46D6F003DB917 /* text1.txt */ = {isa = PBXFileReference; fileEncoding = 4; lastKnownFileType = text; name = text1.txt; path = "../../../../../../Library/Developer/Xcode/DerivedData/Program8-djuvpptlvjbxiedxmaacwrsnqsas/Build/Products/Debug/text1.txt"; sourceTree = "<group>"; };
		4288D8E71AC46E5C003DB917 /* text2.txt */ = {isa = PBXFileReference; fileEncoding = 4; lastKnownFileType = text; name = text2.txt; path = "../../../../../../Library/Developer/Xcode/DerivedData/Program8-djuvpptlvjbxiedxmaacwrsnqsas/Build/Products/Debug/text2.txt"; sourceTree = "<group>"; };
		4288D8E81AC46E63003DB917 /* text3.txt */ = {isa = PBXFileReference; fileEncoding = 4; lastKnownFileType = text; name = text3.txt; path = "../../../../../../Library/Developer/Xcode/DerivedData/Program8-djuvpptlvjbxiedxmaacwrsnqsas/Build/Products/Debug/text3.txt"; sourceTree = "<group>"; };
/* End PBXFileReference section */

/* Begin PBXFrameworksBuildPhase section */
		4288D8D31AC39E7C003DB917 /* Frameworks */ = {
			isa = PBXFrameworksBuildPhase;
			buildActionMask = 2147483647;
			files = (
			);
			runOnlyForDeploymentPostprocessing = 0;
		};
/* End PBXFrameworksBuildPhase section */

/* Begin PBXGroup section */
		4288D8CD1AC39E7C003DB917 = {
			isa = PBXGroup;
			children = (
				4288D8D81AC39E7C003DB917 /* Program8 */,
				4288D8D71AC39E7C003DB917 /* Products */,
				4288D8E61AC46D6F003DB917 /* text1.txt */,
				4288D8E71AC46E5C003DB917 /* text2.txt */,
				4288D8E81AC46E63003DB917 /* text3.txt */,
			);
			sourceTree = "<group>";
		};
		4288D8D71AC39E7C003DB917 /* Products */ = {
			isa = PBXGroup;
			children = (
				4288D8D61AC39E7C003DB917 /* Program8 */,
			);
			name = Products;
			sourceTree = "<group>";
		};
		4288D8D81AC39E7C003DB917 /* Program8 */ = {
			isa = PBXGroup;
			children = (
				4288D8D91AC39E7C003DB917 /* prog8.cc */,
				4288D8E01AC39EFC003DB917 /* prog8.h */,
			);
			path = Program8;
			sourceTree = "<group>";
		};
/* End PBXGroup section */

/* Begin PBXNativeTarget section */
		4288D8D51AC39E7C003DB917 /* Program8 */ = {
			isa = PBXNativeTarget;
			buildConfigurationList = 4288D8DD1AC39E7C003DB917 /* Build configuration list for PBXNativeTarget "Program8" */;
			buildPhases = (
				4288D8D21AC39E7C003DB917 /* Sources */,
				4288D8D31AC39E7C003DB917 /* Frameworks */,
				4288D8D41AC39E7C003DB917 /* CopyFiles */,
			);
			buildRules = (
			);
			dependencies = (
			);
			name = Program8;
			productName = Program8;
			productReference = 4288D8D61AC39E7C003DB917 /* Program8 */;
			productType = "com.apple.product-type.tool";
		};
/* End PBXNativeTarget section */

/* Begin PBXProject section */
		4288D8CE1AC39E7C003DB917 /* Project object */ = {
			isa = PBXProject;
			attributes = {
				LastUpgradeCheck = 0620;
				ORGANIZATIONNAME = "___AbeRodriguez___";
				TargetAttributes = {
					4288D8D51AC39E7C003DB917 = {
						CreatedOnToolsVersion = 6.2;
					};
				};
			};
			buildConfigurationList = 4288D8D11AC39E7C003DB917 /* Build configuration list for PBXProject "Program8" */;
			compatibilityVersion = "Xcode 3.2";
			developmentRegion = English;
			hasScannedForEncodings = 0;
			knownRegions = (
				en,
			);
			mainGroup = 4288D8CD1AC39E7C003DB917;
			productRefGroup = 4288D8D71AC39E7C003DB917 /* Products */;
			projectDirPath = "";
			projectRoot = "";
			targets = (
				4288D8D51AC39E7C003DB917 /* Program8 */,
			);
		};
/* End PBXProject section */

/* Begin PBXSourcesBuildPhase section */
		4288D8D21AC39E7C003DB917 /* Sources */ = {
			isa = PBXSourcesBuildPhase;
			buildActionMask = 2147483647;
			files = (
				4288D8DA1AC39E7C003DB917 /* prog8.cc in Sources */,
			);
			runOnlyForDeploymentPostprocessing = 0;
		};
/* End PBXSourcesBuildPhase section */

/* Begin XCBuildConfiguration section */
		4288D8DB1AC39E7C003DB917 /* Debug */ = {
			isa = XCBuildConfiguration;
			buildSettings = {
				ALWAYS_SEARCH_USER_PATHS = NO;
				CLANG_CXX_LANGUAGE_STANDARD = "gnu++0x";
				CLANG_CXX_LIBRARY = "libc++";
				CLANG_ENABLE_MODULES = YES;
				CLANG_ENABLE_OBJC_ARC = YES;
				CLANG_WARN_BOOL_CONVERSION = YES;
				CLANG_WARN_CONSTANT_CONVERSION = YES;
				CLANG_WARN_DIRECT_OBJC_ISA_USAGE = YES_ERROR;
				CLANG_WARN_EMPTY_BODY = YES;
				CLANG_WARN_ENUM_CONVERSION = YES;
				CLANG_WARN_INT_CONVERSION = YES;
				CLANG_WARN_OBJC_ROOT_CLASS = YES_ERROR;
				CLANG_WARN_UNREACHABLE_CODE = YES;
				CLANG_WARN__DUPLICATE_METHOD_MATCH = YES;
				COPY_PHASE_STRIP = NO;
				ENABLE_STRICT_OBJC_MSGSEND = YES;
				GCC_C_LANGUAGE_STANDARD = gnu99;
				GCC_DYNAMIC_NO_PIC = NO;
				GCC_OPTIMIZATION_LEVEL = 0;
				GCC_PREPROCESSOR_DEFINITIONS = (
					"DEBUG=1",
					"$(inherited)",
				);
				GCC_SYMBOLS_PRIVATE_EXTERN = NO;
				GCC_WARN_64_TO_32_BIT_CONVERSION = YES;
				GCC_WARN_ABOUT_RETURN_TYPE = YES_ERROR;
				GCC_WARN_UNDECLARED_SELECTOR = YES;
				GCC_WARN_UNINITIALIZED_AUTOS = YES_AGGRESSIVE;
				GCC_WARN_UNUSED_FUNCTION = YES;
				GCC_WARN_UNUSED_VARIABLE = YES;
				MACOSX_DEPLOYMENT_TARGET = 10.10;
				MTL_ENABLE_DEBUG_INFO = YES;
				ONLY_ACTIVE_ARCH = YES;
				SDKROOT = macosx;
			};
			name = Debug;
		};
		4288D8DC1AC39E7C003DB917 /* Release */ = {
			isa = XCBuildConfiguration;
			buildSettings = {
				ALWAYS_SEARCH_USER_PATHS = NO;
				CLANG_CXX_LANGUAGE_STANDARD = "gnu++0x";
				CLANG_CXX_LIBRARY = "libc++";
				CLANG_ENABLE_MODULES = YES;
				CLANG_ENABLE_OBJC_ARC = YES;
				CLANG_WARN_BOOL_CONVERSION = YES;
				CLANG_WARN_CONSTANT_CONVERSION = YES;
				CLANG_WARN_DIRECT_OBJC_ISA_USAGE = YES_ERROR;
				CLANG_WARN_EMPTY_BODY = YES;
				CLANG_WARN_ENUM_CONVERSION = YES;
				CLANG_WARN_INT_CONVERSION = YES;
				CLANG_WARN_OBJC_ROOT_CLASS = YES_ERROR;
				CLANG_WARN_UNREACHABLE_CODE = YES;
				CLANG_WARN__DUPLICATE_METHOD_MATCH = YES;
				COPY_PHASE_STRIP = NO;
				DEBUG_INFORMATION_FORMAT = "dwarf-with-dsym";
				ENABLE_NS_ASSERTIONS = NO;
				ENABLE_STRICT_OBJC_MSGSEND = YES;
				GCC_C_LANGUAGE_STANDARD = gnu99;
				GCC_WARN_64_TO_32_BIT_CONVERSION = YES;
				GCC_WARN_ABOUT_RETURN_TYPE = YES_ERROR;
				GCC_WARN_UNDECLARED_SELECTOR = YES;
				GCC_WARN_UNINITIALIZED_AUTOS = YES_AGGRESSIVE;
				GCC_WARN_UNUSED_FUNCTION = YES;
				GCC_WARN_UNUSED_VARIABLE = YES;
				MACOSX_DEPLOYMENT_TARGET = 10.10;
				MTL_ENABLE_DEBUG_INFO = NO;
				SDKROOT = macosx;
			};
			name = Release;
		};
		4288D8DE1AC39E7C003DB917 /* Debug */ = {
			isa = XCBuildConfiguration;
			buildSettings = {
				PRODUCT_NAME = "$(TARGET_NAME)";
			};
			name = Debug;
		};
		4288D8DF1AC39E7C003DB917 /* Release */ = {
			isa = XCBuildConfiguration;
			buildSettings = {
				PRODUCT_NAME = "$(TARGET_NAME)";
			};
			name = Release;
		};
/* End XCBuildConfiguration section */

/* Begin XCConfigurationList section */
		4288D8D11AC39E7C003DB917 /* Build configuration list for PBXProject "Program8" */ = {
			isa = XCConfigurationList;
			buildConfigurations = (
				4288D8DB1AC39E7C003DB917 /* Debug */,
				4288D8DC1AC39E7C003DB917 /* Release */,
			);
			defaultConfigurationIsVisible = 0;
			defaultConfigurationName = Release;
		};
		4288D8DD1AC39E7C003DB917 /* Build configuration list for PBXNativeTarget "Program8" */ = {
			isa = XCConfigurationList;
			buildConfigurations = (
				4288D8DE1AC39E7C003DB917 /* Debug */,
				4288D8DF1AC39E7C003DB917 /* Release */,
			);
			defaultConfigurationIsVisible = 0;
		};
/* End XCConfigurationList section */
	};
	rootObject = 4288D8CE1AC39E7C003DB917 /* Project object */;
}
